
Microsoft Visual Studio Solution File, Format Version 12.00
# Visual Studio 15
VisualStudioVersion = 15.0.28307.1209
MinimumVisualStudioVersion = 10.0.40219.1
Project("{8BC9CEB8-8B4A-11D0-8D11-00A0C91BC942}") = "openMP_1", "openMP_1\openMP_1.vcxproj", "{747D4CCA-A151-40C0-AE40-F9D779797C8A}"
EndProject
Project("{8BC9CEB8-8B4A-11D0-8D11-00A0C91BC942}") = "opemMP_2", "opemMP_2\opemMP_2.vcxproj", "{AA78BE99-3B5A-445F-A4D8-4C3D812B0474}"
EndProject
Project("{8BC9CEB8-8B4A-11D0-8D11-00A0C91BC942}") = "openMP_Matmul", "openMP_Matmul\openMP_Matmul.vcxproj", "{ABB58FE4-B8CE-4B90-BB37-6978F532034C}"
EndProject
Global
	GlobalSection(SolutionConfigurationPlatforms) = preSolution
		Debug|x64 = Debug|x64
		Debug|x86 = Debug|x86
		Release|x64 = Release|x64
		Release|x86 = Release|x86
	EndGlobalSection
	GlobalSection(ProjectConfigurationPlatforms) = postSolution
		{747D4CCA-A151-40C0-AE40-F9D779797C8A}.Debug|x64.ActiveCfg = Debug|x64
		{747D4CCA-A151-40C0-AE40-F9D779797C8A}.Debug|x64.Build.0 = Debug|x64
		{747D4CCA-A151-40C0-AE40-F9D779797C8A}.Debug|x86.ActiveCfg = Debug|Win32
		{747D4CCA-A151-40C0-AE40-F9D779797C8A}.Debug|x86.Build.0 = Debug|Win32
		{747D4CCA-A151-40C0-AE40-F9D779797C8A}.Release|x64.ActiveCfg = Release|x64
		{747D4CCA-A151-40C0-AE40-F9D779797C8A}.Release|x64.Build.0 = Release|x64
		{747D4CCA-A151-40C0-AE40-F9D779797C8A}.Release|x86.ActiveCfg = Release|Win32
		{747D4CCA-A151-40C0-AE40-F9D779797C8A}.Release|x86.Build.0 = Release|Win32
		{AA78BE99-3B5A-445F-A4D8-4C3D812B0474}.Debug|x64.ActiveCfg = Debug|x64
		{AA78BE99-3B5A-445F-A4D8-4C3D812B0474}.Debug|x64.Build.0 = Debug|x64
		{AA78BE99-3B5A-445F-A4D8-4C3D812B0474}.Debug|x86.ActiveCfg = Debug|Win32
		{AA78BE99-3B5A-445F-A4D8-4C3D812B0474}.Debug|x86.Build.0 = Debug|Win32
		{AA78BE99-3B5A-445F-A4D8-4C3D812B0474}.Release|x64.ActiveCfg = Release|x64
		{AA78BE99-3B5A-445F-A4D8-4C3D812B0474}.Release|x64.Build.0 = Release|x64
		{AA78BE99-3B5A-445F-A4D8-4C3D812B0474}.Release|x86.ActiveCfg = Release|Win32
		{AA78BE99-3B5A-445F-A4D8-4C3D812B0474}.Release|x86.Build.0 = Release|Win32
		{ABB58FE4-B8CE-4B90-BB37-6978F532034C}.Debug|x64.ActiveCfg = Debug|x64
		{ABB58FE4-B8CE-4B90-BB37-6978F532034C}.Debug|x64.Build.0 = Debug|x64
		{ABB58FE4-B8CE-4B90-BB37-6978F532034C}.Debug|x86.ActiveCfg = Debug|Win32
		{ABB58FE4-B8CE-4B90-BB37-6978F532034C}.Debug|x86.Build.0 = Debug|Win32
		{ABB58FE4-B8CE-4B90-BB37-6978F532034C}.Release|x64.ActiveCfg = Release|x64
		{ABB58FE4-B8CE-4B90-BB37-6978F532034C}.Release|x64.Build.0 = Release|x64
		{ABB58FE4-B8CE-4B90-BB37-6978F532034C}.Release|x86.ActiveCfg = Release|Win32
		{ABB58FE4-B8CE-4B90-BB37-6978F532034C}.Release|x86.Build.0 = Release|Win32
	EndGlobalSection
	GlobalSection(SolutionProperties) = preSolution
		HideSolutionNode = FALSE
	EndGlobalSection
	GlobalSection(ExtensibilityGlobals) = postSolution
		SolutionGuid = {65C09F17-3A9A-4B1C-8BC9-A25EC6CD29B4}
	EndGlobalSection
EndGlobal
